
Microsoft Visual Studio Solution File, Format Version 12.00
# Visual Studio Version 17
VisualStudioVersion = 17.10.35027.167
MinimumVisualStudioVersion = 10.0.40219.1
Project("{9A19103F-16F7-4668-BE54-9A1E7A4F7556}") = "FinanceBuddyAPI", "FinanceBuddyAPI\FinanceBuddyAPI\FinanceBuddyAPI.csproj", "{530907CD-CD67-45E5-9F0D-B3A0F2561E94}"
EndProject
Global
	GlobalSection(SolutionConfigurationPlatforms) = preSolution
		Debug|Any CPU = Debug|Any CPU
		Release|Any CPU = Release|Any CPU
	EndGlobalSection
	GlobalSection(ProjectConfigurationPlatforms) = postSolution
		{530907CD-CD67-45E5-9F0D-B3A0F2561E94}.Debug|Any CPU.ActiveCfg = Debug|Any CPU
		{530907CD-CD67-45E5-9F0D-B3A0F2561E94}.Debug|Any CPU.Build.0 = Debug|Any CPU
		{530907CD-CD67-45E5-9F0D-B3A0F2561E94}.Release|Any CPU.ActiveCfg = Release|Any CPU
		{530907CD-CD67-45E5-9F0D-B3A0F2561E94}.Release|Any CPU.Build.0 = Release|Any CPU
	EndGlobalSection
	GlobalSection(SolutionProperties) = preSolution
		HideSolutionNode = FALSE
	EndGlobalSection
	GlobalSection(ExtensibilityGlobals) = postSolution
		SolutionGuid = {24AA90B4-99B8-41BC-B321-369211066392}
	EndGlobalSection
EndGlobal
